{
  "name": "innercircle_monorepo",
  "version": "1.0.0",
  "lockfileVersion": 2,
  "requires": true,
  "packages": {
    "": {
      "name": "innercircle_monorepo",
      "version": "1.0.0",
      "license": "ISC",
      "workspaces": [
        "packages/shared",
        "packages/designSystem"
      ]
    },
    "node_modules/designsystem": {
      "resolved": "packages/designSystem",
      "link": true
    },
    "node_modules/shared": {
      "resolved": "packages/shared",
      "link": true
    },
    "packages/designSystem": {
      "name": "designsystem",
      "version": "1.0.0",
      "license": "ISC"
    },
    "packages/shared": {
      "version": "1.0.0",
      "license": "ISC"
    }
  },
  "dependencies": {
    "designsystem": {
      "version": "file:packages/designSystem"
    },
    "shared": {
      "version": "file:packages/shared"
    }
  }
}
